apiVersion: v1
kind: Pod
metadata:
  name: pod-ephemeral-volume-block
spec:
  volumes:
  # Ephemeral volume
  - name: pure-vol
    csi:
      driver: pure-csi
      # File system types: vfat, xfs, ext4
      fsType: xfs
      volumeAttributes:
        backend: block
        size: 2Gi
  containers:
  - name: nginx
    image: nginx
    # Configure a mount point for the ephemeral volume
    volumeMounts:
    - name: pure-vol
      mountPath: /data
    ports:
    - containerPort: 80
